// !$*UTF8*$!
{
	archiveVersion = 1;
	classes = {
	};
	objectVersion = 55;
	objects = {

/* Begin PBXBuildFile section */
		C717CA3228BCE882006D4DAF /* MeetUpPalApp.swift in Sources */ = {isa = PBXBuildFile; fileRef = C717CA3128BCE882006D4DAF /* MeetUpPalApp.swift */; };
		C717CA3428BCE882006D4DAF /* ContentView.swift in Sources */ = {isa = PBXBuildFile; fileRef = C717CA3328BCE882006D4DAF /* ContentView.swift */; };
		C717CA3628BCE884006D4DAF /* Assets.xcassets in Resources */ = {isa = PBXBuildFile; fileRef = C717CA3528BCE884006D4DAF /* Assets.xcassets */; };
		C717CA3928BCE884006D4DAF /* Preview Assets.xcassets in Resources */ = {isa = PBXBuildFile; fileRef = C717CA3828BCE884006D4DAF /* Preview Assets.xcassets */; };
		C717CA7128C2530F006D4DAF /* ImagePicker.swift in Sources */ = {isa = PBXBuildFile; fileRef = C717CA7028C2530F006D4DAF /* ImagePicker.swift */; };
		C735547D2B02374800EC4104 /* FileManager-DocumentsDirectory.swift in Sources */ = {isa = PBXBuildFile; fileRef = C735547C2B02374800EC4104 /* FileManager-DocumentsDirectory.swift */; };
		C76D8E3E2A2DD6E100A2E74B /* AddNewPalView.swift in Sources */ = {isa = PBXBuildFile; fileRef = C76D8E3D2A2DD6E100A2E74B /* AddNewPalView.swift */; };
		C78FA61829DB36F300BCBD2E /* DataController.swift in Sources */ = {isa = PBXBuildFile; fileRef = C78FA61729DB36F300BCBD2E /* DataController.swift */; };
		C78FA61B29DB370900BCBD2E /* MeetUpPal.xcdatamodeld in Sources */ = {isa = PBXBuildFile; fileRef = C78FA61929DB370900BCBD2E /* MeetUpPal.xcdatamodeld */; };
/* End PBXBuildFile section */

/* Begin PBXFileReference section */
		C717CA2E28BCE882006D4DAF /* MeetUpPal.app */ = {isa = PBXFileReference; explicitFileType = wrapper.application; includeInIndex = 0; path = MeetUpPal.app; sourceTree = BUILT_PRODUCTS_DIR; };
		C717CA3128BCE882006D4DAF /* MeetUpPalApp.swift */ = {isa = PBXFileReference; lastKnownFileType = sourcecode.swift; path = MeetUpPalApp.swift; sourceTree = "<group>"; };
		C717CA3328BCE882006D4DAF /* ContentView.swift */ = {isa = PBXFileReference; lastKnownFileType = sourcecode.swift; path = ContentView.swift; sourceTree = "<group>"; };
		C717CA3528BCE884006D4DAF /* Assets.xcassets */ = {isa = PBXFileReference; lastKnownFileType = folder.assetcatalog; path = Assets.xcassets; sourceTree = "<group>"; };
		C717CA3828BCE884006D4DAF /* Preview Assets.xcassets */ = {isa = PBXFileReference; lastKnownFileType = folder.assetcatalog; path = "Preview Assets.xcassets"; sourceTree = "<group>"; };
		C717CA7028C2530F006D4DAF /* ImagePicker.swift */ = {isa = PBXFileReference; fileEncoding = 4; lastKnownFileType = sourcecode.swift; path = ImagePicker.swift; sourceTree = "<group>"; };
		C735547C2B02374800EC4104 /* FileManager-DocumentsDirectory.swift */ = {isa = PBXFileReference; fileEncoding = 4; lastKnownFileType = sourcecode.swift; path = "FileManager-DocumentsDirectory.swift"; sourceTree = "<group>"; };
		C76D8E3D2A2DD6E100A2E74B /* AddNewPalView.swift */ = {isa = PBXFileReference; lastKnownFileType = sourcecode.swift; path = AddNewPalView.swift; sourceTree = "<group>"; };
		C78FA61729DB36F300BCBD2E /* DataController.swift */ = {isa = PBXFileReference; lastKnownFileType = sourcecode.swift; path = DataController.swift; sourceTree = "<group>"; };
		C78FA61A29DB370900BCBD2E /* MeetUpPal.xcdatamodel */ = {isa = PBXFileReference; lastKnownFileType = wrapper.xcdatamodel; path = MeetUpPal.xcdatamodel; sourceTree = "<group>"; };
/* End PBXFileReference section */

/* Begin PBXFrameworksBuildPhase section */
		C717CA2B28BCE882006D4DAF /* Frameworks */ = {
			isa = PBXFrameworksBuildPhase;
			buildActionMask = 2147483647;
			files = (
			);
			runOnlyForDeploymentPostprocessing = 0;
		};
/* End PBXFrameworksBuildPhase section */

/* Begin PBXGroup section */
		C717CA2528BCE882006D4DAF = {
			isa = PBXGroup;
			children = (
				C78FA61929DB370900BCBD2E /* MeetUpPal.xcdatamodeld */,
				C717CA3028BCE882006D4DAF /* MeetUpPal */,
				C717CA2F28BCE882006D4DAF /* Products */,
			);
			sourceTree = "<group>";
		};
		C717CA2F28BCE882006D4DAF /* Products */ = {
			isa = PBXGroup;
			children = (
				C717CA2E28BCE882006D4DAF /* MeetUpPal.app */,
			);
			name = Products;
			sourceTree = "<group>";
		};
		C717CA3028BCE882006D4DAF /* MeetUpPal */ = {
			isa = PBXGroup;
			children = (
				C735547C2B02374800EC4104 /* FileManager-DocumentsDirectory.swift */,
				C717CA7028C2530F006D4DAF /* ImagePicker.swift */,
				C717CA3128BCE882006D4DAF /* MeetUpPalApp.swift */,
				C717CA3328BCE882006D4DAF /* ContentView.swift */,
				C76D8E3D2A2DD6E100A2E74B /* AddNewPalView.swift */,
				C78FA61729DB36F300BCBD2E /* DataController.swift */,
				C717CA3528BCE884006D4DAF /* Assets.xcassets */,
				C717CA3728BCE884006D4DAF /* Preview Content */,
			);
			path = MeetUpPal;
			sourceTree = "<group>";
		};
		C717CA3728BCE884006D4DAF /* Preview Content */ = {
			isa = PBXGroup;
			children = (
				C717CA3828BCE884006D4DAF /* Preview Assets.xcassets */,
			);
			path = "Preview Content";
			sourceTree = "<group>";
		};
/* End PBXGroup section */

/* Begin PBXNativeTarget section */
		C717CA2D28BCE882006D4DAF /* MeetUpPal */ = {
			isa = PBXNativeTarget;
			buildConfigurationList = C717CA3C28BCE884006D4DAF /* Build configuration list for PBXNativeTarget "MeetUpPal" */;
			buildPhases = (
				C717CA2A28BCE882006D4DAF /* Sources */,
				C717CA2B28BCE882006D4DAF /* Frameworks */,
				C717CA2C28BCE882006D4DAF /* Resources */,
			);
			buildRules = (
			);
			dependencies = (
			);
			name = MeetUpPal;
			productName = MeetUpPal;
			productReference = C717CA2E28BCE882006D4DAF /* MeetUpPal.app */;
			productType = "com.apple.product-type.application";
		};
/* End PBXNativeTarget section */

/* Begin PBXProject section */
		C717CA2628BCE882006D4DAF /* Project object */ = {
			isa = PBXProject;
			attributes = {
				BuildIndependentTargetsInParallel = 1;
				LastSwiftUpdateCheck = 1340;
				LastUpgradeCheck = 1340;
				TargetAttributes = {
					C717CA2D28BCE882006D4DAF = {
						CreatedOnToolsVersion = 13.4.1;
					};
				};
			};
			buildConfigurationList = C717CA2928BCE882006D4DAF /* Build configuration list for PBXProject "MeetUpPal" */;
			compatibilityVersion = "Xcode 13.0";
			developmentRegion = en;
			hasScannedForEncodings = 0;
			knownRegions = (
				en,
				Base,
			);
			mainGroup = C717CA2528BCE882006D4DAF;
			productRefGroup = C717CA2F28BCE882006D4DAF /* Products */;
			projectDirPath = "";
			projectRoot = "";
			targets = (
				C717CA2D28BCE882006D4DAF /* MeetUpPal */,
			);
		};
/* End PBXProject section */

/* Begin PBXResourcesBuildPhase section */
		C717CA2C28BCE882006D4DAF /* Resources */ = {
			isa = PBXResourcesBuildPhase;
			buildActionMask = 2147483647;
			files = (
				C717CA3928BCE884006D4DAF /* Preview Assets.xcassets in Resources */,
				C717CA3628BCE884006D4DAF /* Assets.xcassets in Resources */,
			);
			runOnlyForDeploymentPostprocessing = 0;
		};
/* End PBXResourcesBuildPhase section */

/* Begin PBXSourcesBuildPhase section */
		C717CA2A28BCE882006D4DAF /* Sources */ = {
			isa = PBXSourcesBuildPhase;
			buildActionMask = 2147483647;
			files = (
				C717CA7128C2530F006D4DAF /* ImagePicker.swift in Sources */,
				C735547D2B02374800EC4104 /* FileManager-DocumentsDirectory.swift in Sources */,
				C78FA61829DB36F300BCBD2E /* DataController.swift in Sources */,
				C717CA3428BCE882006D4DAF /* ContentView.swift in Sources */,
				C78FA61B29DB370900BCBD2E /* MeetUpPal.xcdatamodeld in Sources */,
				C717CA3228BCE882006D4DAF /* MeetUpPalApp.swift in Sources */,
				C76D8E3E2A2DD6E100A2E74B /* AddNewPalView.swift in Sources */,
			);
			runOnlyForDeploymentPostprocessing = 0;
		};
/* End PBXSourcesBuildPhase section */

/* Begin XCBuildConfiguration section */
		C717CA3A28BCE884006D4DAF /* Debug */ = {
			isa = XCBuildConfiguration;
			buildSettings = {
				ALWAYS_SEARCH_USER_PATHS = NO;
				CLANG_ANALYZER_NONNULL = YES;
				CLANG_ANALYZER_NUMBER_OBJECT_CONVERSION = YES_AGGRESSIVE;
				CLANG_CXX_LANGUAGE_STANDARD = "gnu++17";
				CLANG_ENABLE_MODULES = YES;
				CLANG_ENABLE_OBJC_ARC = YES;
				CLANG_ENABLE_OBJC_WEAK = YES;
				CLANG_WARN_BLOCK_CAPTURE_AUTORELEASING = YES;
				CLANG_WARN_BOOL_CONVERSION = YES;
				CLANG_WARN_COMMA = YES;
				CLANG_WARN_CONSTANT_CONVERSION = YES;
				CLANG_WARN_DEPRECATED_OBJC_IMPLEMENTATIONS = YES;
				CLANG_WARN_DIRECT_OBJC_ISA_USAGE = YES_ERROR;
				CLANG_WARN_DOCUMENTATION_COMMENTS = YES;
				CLANG_WARN_EMPTY_BODY = YES;
				CLANG_WARN_ENUM_CONVERSION = YES;
				CLANG_WARN_INFINITE_RECURSION = YES;
				CLANG_WARN_INT_CONVERSION = YES;
				CLANG_WARN_NON_LITERAL_NULL_CONVERSION = YES;
				CLANG_WARN_OBJC_IMPLICIT_RETAIN_SELF = YES;
				CLANG_WARN_OBJC_LITERAL_CONVERSION = YES;
				CLANG_WARN_OBJC_ROOT_CLASS = YES_ERROR;
				CLANG_WARN_QUOTED_INCLUDE_IN_FRAMEWORK_HEADER = YES;
				CLANG_WARN_RANGE_LOOP_ANALYSIS = YES;
				CLANG_WARN_STRICT_PROTOTYPES = YES;
				CLANG_WARN_SUSPICIOUS_MOVE = YES;
				CLANG_WARN_UNGUARDED_AVAILABILITY = YES_AGGRESSIVE;
				CLANG_WARN_UNREACHABLE_CODE = YES;
				CLANG_WARN__DUPLICATE_METHOD_MATCH = YES;
				COPY_PHASE_STRIP = NO;
				DEBUG_INFORMATION_FORMAT = dwarf;
				ENABLE_STRICT_OBJC_MSGSEND = YES;
				ENABLE_TESTABILITY = YES;
				GCC_C_LANGUAGE_STANDARD = gnu11;
				GCC_DYNAMIC_NO_PIC = NO;
				GCC_NO_COMMON_BLOCKS = YES;
				GCC_OPTIMIZATION_LEVEL = 0;
				GCC_PREPROCESSOR_DEFINITIONS = (
					"DEBUG=1",
					"$(inherited)",
				);
				GCC_WARN_64_TO_32_BIT_CONVERSION = YES;
				GCC_WARN_ABOUT_RETURN_TYPE = YES_ERROR;
				GCC_WARN_UNDECLARED_SELECTOR = YES;
				GCC_WARN_UNINITIALIZED_AUTOS = YES_AGGRESSIVE;
				GCC_WARN_UNUSED_FUNCTION = YES;
				GCC_WARN_UNUSED_VARIABLE = YES;
				IPHONEOS_DEPLOYMENT_TARGET = 15.5;
				MTL_ENABLE_DEBUG_INFO = INCLUDE_SOURCE;
				MTL_FAST_MATH = YES;
				ONLY_ACTIVE_ARCH = YES;
				SDKROOT = iphoneos;
				SWIFT_ACTIVE_COMPILATION_CONDITIONS = DEBUG;
				SWIFT_OPTIMIZATION_LEVEL = "-Onone";
			};
			name = Debug;
		};
		C717CA3B28BCE884006D4DAF /* Release */ = {
			isa = XCBuildConfiguration;
			buildSettings = {
				ALWAYS_SEARCH_USER_PATHS = NO;
				CLANG_ANALYZER_NONNULL = YES;
				CLANG_ANALYZER_NUMBER_OBJECT_CONVERSION = YES_AGGRESSIVE;
				CLANG_CXX_LANGUAGE_STANDARD = "gnu++17";
				CLANG_ENABLE_MODULES = YES;
				CLANG_ENABLE_OBJC_ARC = YES;
				CLANG_ENABLE_OBJC_WEAK = YES;
				CLANG_WARN_BLOCK_CAPTURE_AUTORELEASING = YES;
				CLANG_WARN_BOOL_CONVERSION = YES;
				CLANG_WARN_COMMA = YES;
				CLANG_WARN_CONSTANT_CONVERSION = YES;
				CLANG_WARN_DEPRECATED_OBJC_IMPLEMENTATIONS = YES;
				CLANG_WARN_DIRECT_OBJC_ISA_USAGE = YES_ERROR;
				CLANG_WARN_DOCUMENTATION_COMMENTS = YES;
				CLANG_WARN_EMPTY_BODY = YES;
				CLANG_WARN_ENUM_CONVERSION = YES;
				CLANG_WARN_INFINITE_RECURSION = YES;
				CLANG_WARN_INT_CONVERSION = YES;
				CLANG_WARN_NON_LITERAL_NULL_CONVERSION = YES;
				CLANG_WARN_OBJC_IMPLICIT_RETAIN_SELF = YES;
				CLANG_WARN_OBJC_LITERAL_CONVERSION = YES;
				CLANG_WARN_OBJC_ROOT_CLASS = YES_ERROR;
				CLANG_WARN_QUOTED_INCLUDE_IN_FRAMEWORK_HEADER = YES;
				CLANG_WARN_RANGE_LOOP_ANALYSIS = YES;
				CLANG_WARN_STRICT_PROTOTYPES = YES;
				CLANG_WARN_SUSPICIOUS_MOVE = YES;
				CLANG_WARN_UNGUARDED_AVAILABILITY = YES_AGGRESSIVE;
				CLANG_WARN_UNREACHABLE_CODE = YES;
				CLANG_WARN__DUPLICATE_METHOD_MATCH = YES;
				COPY_PHASE_STRIP = NO;
				DEBUG_INFORMATION_FORMAT = "dwarf-with-dsym";
				ENABLE_NS_ASSERTIONS = NO;
				ENABLE_STRICT_OBJC_MSGSEND = YES;
				GCC_C_LANGUAGE_STANDARD = gnu11;
				GCC_NO_COMMON_BLOCKS = YES;
				GCC_WARN_64_TO_32_BIT_CONVERSION = YES;
				GCC_WARN_ABOUT_RETURN_TYPE = YES_ERROR;
				GCC_WARN_UNDECLARED_SELECTOR = YES;
				GCC_WARN_UNINITIALIZED_AUTOS = YES_AGGRESSIVE;
				GCC_WARN_UNUSED_FUNCTION = YES;
				GCC_WARN_UNUSED_VARIABLE = YES;
				IPHONEOS_DEPLOYMENT_TARGET = 15.5;
				MTL_ENABLE_DEBUG_INFO = NO;
				MTL_FAST_MATH = YES;
				SDKROOT = iphoneos;
				SWIFT_COMPILATION_MODE = wholemodule;
				SWIFT_OPTIMIZATION_LEVEL = "-O";
				VALIDATE_PRODUCT = YES;
			};
			name = Release;
		};
		C717CA3D28BCE884006D4DAF /* Debug */ = {
			isa = XCBuildConfiguration;
			buildSettings = {
				ASSETCATALOG_COMPILER_APPICON_NAME = AppIcon;
				ASSETCATALOG_COMPILER_GLOBAL_ACCENT_COLOR_NAME = AccentColor;
				CODE_SIGN_STYLE = Automatic;
				CURRENT_PROJECT_VERSION = 1;
				DEVELOPMENT_ASSET_PATHS = "\"MeetUpPal/Preview Content\"";
				DEVELOPMENT_TEAM = 3YBS3Y2WC7;
				ENABLE_PREVIEWS = YES;
				GENERATE_INFOPLIST_FILE = YES;
				INFOPLIST_KEY_UIApplicationSceneManifest_Generation = YES;
				INFOPLIST_KEY_UIApplicationSupportsIndirectInputEvents = YES;
				INFOPLIST_KEY_UILaunchScreen_Generation = YES;
				INFOPLIST_KEY_UISupportedInterfaceOrientations_iPad = "UIInterfaceOrientationPortrait UIInterfaceOrientationPortraitUpsideDown UIInterfaceOrientationLandscapeLeft UIInterfaceOrientationLandscapeRight";
				INFOPLIST_KEY_UISupportedInterfaceOrientations_iPhone = "UIInterfaceOrientationPortrait UIInterfaceOrientationLandscapeLeft UIInterfaceOrientationLandscapeRight";
				LD_RUNPATH_SEARCH_PATHS = (
					"$(inherited)",
					"@executable_path/Frameworks",
				);
				MARKETING_VERSION = 1.0;
				PRODUCT_BUNDLE_IDENTIFIER = dev.petermolnar.MeetUpPal;
				PRODUCT_NAME = "$(TARGET_NAME)";
				SWIFT_EMIT_LOC_STRINGS = YES;
				SWIFT_VERSION = 5.0;
				TARGETED_DEVICE_FAMILY = "1,2";
			};
			name = Debug;
		};
		C717CA3E28BCE884006D4DAF /* Release */ = {
			isa = XCBuildConfiguration;
			buildSettings = {
				ASSETCATALOG_COMPILER_APPICON_NAME = AppIcon;
				ASSETCATALOG_COMPILER_GLOBAL_ACCENT_COLOR_NAME = AccentColor;
				CODE_SIGN_STYLE = Automatic;
				CURRENT_PROJECT_VERSION = 1;
				DEVELOPMENT_ASSET_PATHS = "\"MeetUpPal/Preview Content\"";
				DEVELOPMENT_TEAM = 3YBS3Y2WC7;
				ENABLE_PREVIEWS = YES;
				GENERATE_INFOPLIST_FILE = YES;
				INFOPLIST_KEY_UIApplicationSceneManifest_Generation = YES;
				INFOPLIST_KEY_UIApplicationSupportsIndirectInputEvents = YES;
				INFOPLIST_KEY_UILaunchScreen_Generation = YES;
				INFOPLIST_KEY_UISupportedInterfaceOrientations_iPad = "UIInterfaceOrientationPortrait UIInterfaceOrientationPortraitUpsideDown UIInterfaceOrientationLandscapeLeft UIInterfaceOrientationLandscapeRight";
				INFOPLIST_KEY_UISupportedInterfaceOrientations_iPhone = "UIInterfaceOrientationPortrait UIInterfaceOrientationLandscapeLeft UIInterfaceOrientationLandscapeRight";
				LD_RUNPATH_SEARCH_PATHS = (
					"$(inherited)",
					"@executable_path/Frameworks",
				);
				MARKETING_VERSION = 1.0;
				PRODUCT_BUNDLE_IDENTIFIER = dev.petermolnar.MeetUpPal;
				PRODUCT_NAME = "$(TARGET_NAME)";
				SWIFT_EMIT_LOC_STRINGS = YES;
				SWIFT_VERSION = 5.0;
				TARGETED_DEVICE_FAMILY = "1,2";
			};
			name = Release;
		};
/* End XCBuildConfiguration section */

/* Begin XCConfigurationList section */
		C717CA2928BCE882006D4DAF /* Build configuration list for PBXProject "MeetUpPal" */ = {
			isa = XCConfigurationList;
			buildConfigurations = (
				C717CA3A28BCE884006D4DAF /* Debug */,
				C717CA3B28BCE884006D4DAF /* Release */,
			);
			defaultConfigurationIsVisible = 0;
			defaultConfigurationName = Release;
		};
		C717CA3C28BCE884006D4DAF /* Build configuration list for PBXNativeTarget "MeetUpPal" */ = {
			isa = XCConfigurationList;
			buildConfigurations = (
				C717CA3D28BCE884006D4DAF /* Debug */,
				C717CA3E28BCE884006D4DAF /* Release */,
			);
			defaultConfigurationIsVisible = 0;
			defaultConfigurationName = Release;
		};
/* End XCConfigurationList section */

/* Begin XCVersionGroup section */
		C78FA61929DB370900BCBD2E /* MeetUpPal.xcdatamodeld */ = {
			isa = XCVersionGroup;
			children = (
				C78FA61A29DB370900BCBD2E /* MeetUpPal.xcdatamodel */,
			);
			currentVersion = C78FA61A29DB370900BCBD2E /* MeetUpPal.xcdatamodel */;
			path = MeetUpPal.xcdatamodeld;
			sourceTree = "<group>";
			versionGroupType = wrapper.xcdatamodel;
		};
/* End XCVersionGroup section */
	};
	rootObject = C717CA2628BCE882006D4DAF /* Project object */;
}
